
Microsoft Visual Studio Solution File, Format Version 12.00
# Visual Studio Version 17
VisualStudioVersion = 17.7.34031.279
MinimumVisualStudioVersion = 10.0.40219.1
Project("{FAE04EC0-301F-11D3-BF4B-00C04F79EFBC}") = "ContosoUniversity", "ContosoUniversity\ContosoUniversity.csproj", "{C4CEE41F-545B-420A-8517-C12B7F35F73A}"
EndProject
Global
	GlobalSection(SolutionConfigurationPlatforms) = preSolution
		Debug|Any CPU = Debug|Any CPU
		Release|Any CPU = Release|Any CPU
	EndGlobalSection
	GlobalSection(ProjectConfigurationPlatforms) = postSolution
		{C4CEE41F-545B-420A-8517-C12B7F35F73A}.Debug|Any CPU.ActiveCfg = Debug|Any CPU
		{C4CEE41F-545B-420A-8517-C12B7F35F73A}.Debug|Any CPU.Build.0 = Debug|Any CPU
		{C4CEE41F-545B-420A-8517-C12B7F35F73A}.Release|Any CPU.ActiveCfg = Release|Any CPU
		{C4CEE41F-545B-420A-8517-C12B7F35F73A}.Release|Any CPU.Build.0 = Release|Any CPU
	EndGlobalSection
	GlobalSection(SolutionProperties) = preSolution
		HideSolutionNode = FALSE
	EndGlobalSection
	GlobalSection(ExtensibilityGlobals) = postSolution
		SolutionGuid = {92B7DD71-0A33-4D3B-A555-A3798AC422AB}
	EndGlobalSection
EndGlobal
